
Microsoft Visual Studio Solution File, Format Version 12.00
# Visual Studio 15
Project("{FAE04EC0-301F-11D3-BF4B-00C04F79EFBC}") = "Assembly-CSharp", "Assembly-CSharp.csproj", "{99B23ACA-27B7-6C22-B348-7457E690632B}"
EndProject
Project("{FAE04EC0-301F-11D3-BF4B-00C04F79EFBC}") = "Assembly-CSharp-Editor", "Assembly-CSharp-Editor.csproj", "{025B7583-80E7-EA74-28B1-8BB35B4BAF09}"
EndProject
Global
	GlobalSection(SolutionConfigurationPlatforms) = preSolution
		Debug|Any CPU = Debug|Any CPU
		Release|Any CPU = Release|Any CPU
	EndGlobalSection
	GlobalSection(ProjectConfigurationPlatforms) = postSolution
		{99B23ACA-27B7-6C22-B348-7457E690632B}.Debug|Any CPU.ActiveCfg = Debug|Any CPU
		{99B23ACA-27B7-6C22-B348-7457E690632B}.Debug|Any CPU.Build.0 = Debug|Any CPU
		{99B23ACA-27B7-6C22-B348-7457E690632B}.Release|Any CPU.ActiveCfg = Release|Any CPU
		{99B23ACA-27B7-6C22-B348-7457E690632B}.Release|Any CPU.Build.0 = Release|Any CPU
		{025B7583-80E7-EA74-28B1-8BB35B4BAF09}.Debug|Any CPU.ActiveCfg = Debug|Any CPU
		{025B7583-80E7-EA74-28B1-8BB35B4BAF09}.Debug|Any CPU.Build.0 = Debug|Any CPU
		{025B7583-80E7-EA74-28B1-8BB35B4BAF09}.Release|Any CPU.ActiveCfg = Release|Any CPU
		{025B7583-80E7-EA74-28B1-8BB35B4BAF09}.Release|Any CPU.Build.0 = Release|Any CPU
	EndGlobalSection
	GlobalSection(SolutionProperties) = preSolution
		HideSolutionNode = FALSE
	EndGlobalSection
EndGlobal
